# Generated for CPython 3.12 on Linux x86_64. Every direct and transitive
# dependency is exact and hash-bound; CI installs only binary distributions.
attrs==26.1.0 \
    --hash=sha256:c647aa4a12dfbad9333ca4e71fe62ddc36f4e63b2d260a37a8b83d2f043ac309
cmakelang==0.6.13 \
    --hash=sha256:764b9467195c7c36453d60a829f30229720d26c7dffd41cb516b99bd9c7daf4e
jsonschema==4.23.0 \
    --hash=sha256:fbadb6f8b144a8f8cf9f0b89ba94501d143e50411a1278633f56a7acf7fd5566
jsonschema-specifications==2025.9.1 \
    --hash=sha256:98802fee3a11ee76ecaca44429fda8a41bff98b00a0f2838151b113f210cc6fe
pathspec==1.1.1 \
    --hash=sha256:a00ce642f577bf7f473932318056212bc4f8bfdf53128c78bbd5af0b9b20b189
PyYAML==6.0.2 \
    --hash=sha256:80bab7bfc629882493af4aa31a4cfa43a4c57c83813253626916b8c7ada83476
referencing==0.37.0 \
    --hash=sha256:381329a9f99628c9069361716891d34ad94af76e461dcb0335825aecc7692231
rpds-py==2026.6.3 \
    --hash=sha256:ecabd69db66de867690f9797f2f8fa27ba501bbc24540cbdbdc649cd15888ba6
six==1.17.0 \
    --hash=sha256:4721f391ed90541fddacab5acf947aa0d3dc7d27b2e1e8eda2be8970586c3274
typing-extensions==4.16.0 \
    --hash=sha256:481caa481374e813c1b176ada14e97f1f67a4539ce9cfeb3f350d78d6370c2e8
yamllint==1.35.1 \
    --hash=sha256:2e16e504bb129ff515b37823b472750b36b6de07963bd74b307341ef5ad8bdc3
